// !$*UTF8*$!
{
	archiveVersion = 1;
	classes = {
	};
	objectVersion = 55;
	objects = {

/* Begin PBXBuildFile section */
		B6A0E7912912CDA500D487B3 /* ConstraintBuilder.swift in Sources */ = {isa = PBXBuildFile; fileRef = B6A0E7902912CDA500D487B3 /* ConstraintBuilder.swift */; };
		B6A0E7942912D27F00D487B3 /* Layout.swift in Sources */ = {isa = PBXBuildFile; fileRef = B6A0E7932912D27F00D487B3 /* Layout.swift */; };
		B6A0E7962912D3D500D487B3 /* NSLayoutConstraint.swift in Sources */ = {isa = PBXBuildFile; fileRef = B6A0E7952912D3D500D487B3 /* NSLayoutConstraint.swift */; };
		B6F67B2C290C1A0300CB8263 /* AppDelegate.swift in Sources */ = {isa = PBXBuildFile; fileRef = B6F67B2B290C1A0300CB8263 /* AppDelegate.swift */; };
		B6F67B30290C1A0300CB8263 /* ViewController.swift in Sources */ = {isa = PBXBuildFile; fileRef = B6F67B2F290C1A0300CB8263 /* ViewController.swift */; };
		B6F67B35290C1A0600CB8263 /* Assets.xcassets in Resources */ = {isa = PBXBuildFile; fileRef = B6F67B34290C1A0600CB8263 /* Assets.xcassets */; };
		B6F67B38290C1A0600CB8263 /* LaunchScreen.storyboard in Resources */ = {isa = PBXBuildFile; fileRef = B6F67B36290C1A0600CB8263 /* LaunchScreen.storyboard */; };
		B6F67B40290C1BAF00CB8263 /* Configurable.swift in Sources */ = {isa = PBXBuildFile; fileRef = B6F67B3F290C1BAF00CB8263 /* Configurable.swift */; };
		B6F67B43290C1D4100CB8263 /* Coordinator.swift in Sources */ = {isa = PBXBuildFile; fileRef = B6F67B42290C1D4100CB8263 /* Coordinator.swift */; };
		B6F67B45290C246800CB8263 /* Coordinatable.swift in Sources */ = {isa = PBXBuildFile; fileRef = B6F67B44290C246700CB8263 /* Coordinatable.swift */; };
		B6F67B47290C248A00CB8263 /* Coordinated.swift in Sources */ = {isa = PBXBuildFile; fileRef = B6F67B46290C248A00CB8263 /* Coordinated.swift */; };
		B6F67B49290C24B200CB8263 /* Route.swift in Sources */ = {isa = PBXBuildFile; fileRef = B6F67B48290C24B200CB8263 /* Route.swift */; };
		B6F67B4C290C250200CB8263 /* View.swift in Sources */ = {isa = PBXBuildFile; fileRef = B6F67B4B290C250200CB8263 /* View.swift */; };
		B6F67B50290C25C600CB8263 /* ViewModel.swift in Sources */ = {isa = PBXBuildFile; fileRef = B6F67B4F290C25C600CB8263 /* ViewModel.swift */; };
		B6F67B58290C2AD000CB8263 /* ModuleFactory.swift in Sources */ = {isa = PBXBuildFile; fileRef = B6F67B57290C2AD000CB8263 /* ModuleFactory.swift */; };
		B6F67B5A290C2AFD00CB8263 /* MainViewAssembly.swift in Sources */ = {isa = PBXBuildFile; fileRef = B6F67B59290C2AFD00CB8263 /* MainViewAssembly.swift */; };
		B6F67B5D290C2E6C00CB8263 /* Module.swift in Sources */ = {isa = PBXBuildFile; fileRef = B6F67B5C290C2E6C00CB8263 /* Module.swift */; };
		B6F67B5F290C2E8800CB8263 /* Presentable.swift in Sources */ = {isa = PBXBuildFile; fileRef = B6F67B5E290C2E8800CB8263 /* Presentable.swift */; };
		B6F67B61290C491000CB8263 /* UIComponentFactory.swift in Sources */ = {isa = PBXBuildFile; fileRef = B6F67B60290C491000CB8263 /* UIComponentFactory.swift */; };
		B6F67B64290C4C9300CB8263 /* UIColor.swift in Sources */ = {isa = PBXBuildFile; fileRef = B6F67B63290C4C9300CB8263 /* UIColor.swift */; };
		B6F67B66290C54C900CB8263 /* String.swift in Sources */ = {isa = PBXBuildFile; fileRef = B6F67B65290C54C900CB8263 /* String.swift */; };
		B6F67B68290C54E300CB8263 /* CGFloat.swift in Sources */ = {isa = PBXBuildFile; fileRef = B6F67B67290C54E300CB8263 /* CGFloat.swift */; };
		B6F67B6D290C5BDC00CB8263 /* Color.swift in Sources */ = {isa = PBXBuildFile; fileRef = B6F67B6C290C5BDC00CB8263 /* Color.swift */; };
		B6F67B6F290C5C3700CB8263 /* TextField.swift in Sources */ = {isa = PBXBuildFile; fileRef = B6F67B6E290C5C3700CB8263 /* TextField.swift */; };
		B6F67B71290C5C5700CB8263 /* Button.swift in Sources */ = {isa = PBXBuildFile; fileRef = B6F67B70290C5C5700CB8263 /* Button.swift */; };
		B6F67B73290C5C9B00CB8263 /* UIView.swift in Sources */ = {isa = PBXBuildFile; fileRef = B6F67B72290C5C9B00CB8263 /* UIView.swift */; };
		B6F67B75290C5D1A00CB8263 /* CircleLabel.swift in Sources */ = {isa = PBXBuildFile; fileRef = B6F67B74290C5D1A00CB8263 /* CircleLabel.swift */; };
		B6F67B77290C6D6700CB8263 /* MainViewTextField.swift in Sources */ = {isa = PBXBuildFile; fileRef = B6F67B76290C6D6700CB8263 /* MainViewTextField.swift */; };
		B6F67B80290C710F00CB8263 /* CurrencyListAssembly.swift in Sources */ = {isa = PBXBuildFile; fileRef = B6F67B7F290C710F00CB8263 /* CurrencyListAssembly.swift */; };
		B6F67B85290D868A00CB8263 /* Currency.swift in Sources */ = {isa = PBXBuildFile; fileRef = B6F67B84290D868A00CB8263 /* Currency.swift */; };
		B6F67B89290D87E300CB8263 /* NetworkService.swift in Sources */ = {isa = PBXBuildFile; fileRef = B6F67B88290D87E300CB8263 /* NetworkService.swift */; };
		B6F67B8B290E7FC800CB8263 /* Symbol.swift in Sources */ = {isa = PBXBuildFile; fileRef = B6F67B8A290E7FC800CB8263 /* Symbol.swift */; };
		B6F67B8F290E96A600CB8263 /* DataManager.swift in Sources */ = {isa = PBXBuildFile; fileRef = B6F67B8E290E96A600CB8263 /* DataManager.swift */; };
		B6F67B91290EB63D00CB8263 /* ActivityViewController.swift in Sources */ = {isa = PBXBuildFile; fileRef = B6F67B90290EB63D00CB8263 /* ActivityViewController.swift */; };
		B6F67B93290EBE0E00CB8263 /* ViewControllers.swift in Sources */ = {isa = PBXBuildFile; fileRef = B6F67B92290EBE0E00CB8263 /* ViewControllers.swift */; };
		B6F67B95290EC83D00CB8263 /* SceneDelegate.swift in Sources */ = {isa = PBXBuildFile; fileRef = B6F67B94290EC83D00CB8263 /* SceneDelegate.swift */; };
		B6F67B97290ECD2600CB8263 /* Double.swift in Sources */ = {isa = PBXBuildFile; fileRef = B6F67B96290ECD2600CB8263 /* Double.swift */; };
		B6F67B99290ECE8600CB8263 /* Convert.swift in Sources */ = {isa = PBXBuildFile; fileRef = B6F67B98290ECE8600CB8263 /* Convert.swift */; };
		B6F67B9C290ECEB600CB8263 /* Link.swift in Sources */ = {isa = PBXBuildFile; fileRef = B6F67B9B290ECEB600CB8263 /* Link.swift */; };
		B6F67B9E290ECEC900CB8263 /* HTTPHeaders.swift in Sources */ = {isa = PBXBuildFile; fileRef = B6F67B9D290ECEC900CB8263 /* HTTPHeaders.swift */; };
		B6F67BA0290ECEE600CB8263 /* Error.swift in Sources */ = {isa = PBXBuildFile; fileRef = B6F67B9F290ECEE600CB8263 /* Error.swift */; };
		B6F67BA2290ECF0400CB8263 /* Security.swift in Sources */ = {isa = PBXBuildFile; fileRef = B6F67BA1290ECF0400CB8263 /* Security.swift */; };
		B6F67BA4290ECF9400CB8263 /* CurrencyButton.swift in Sources */ = {isa = PBXBuildFile; fileRef = B6F67BA3290ECF9400CB8263 /* CurrencyButton.swift */; };
		B6F67BA8290ED73000CB8263 /* Locator.swift in Sources */ = {isa = PBXBuildFile; fileRef = B6F67BA7290ED73000CB8263 /* Locator.swift */; };
		B6F67BAB290EDD7000CB8263 /* Print.swift in Sources */ = {isa = PBXBuildFile; fileRef = B6F67BAA290EDD7000CB8263 /* Print.swift */; };
		B6F67BAE290EE46D00CB8263 /* CacheService.swift in Sources */ = {isa = PBXBuildFile; fileRef = B6F67BAD290EE46D00CB8263 /* CacheService.swift */; };
		C64067E62930BE8D00CA9F8C /* MainViewScreenBuilder.swift in Sources */ = {isa = PBXBuildFile; fileRef = C64067E52930BE8D00CA9F8C /* MainViewScreenBuilder.swift */; };
		C64067E82930BE9700CA9F8C /* MainViewRouter.swift in Sources */ = {isa = PBXBuildFile; fileRef = C64067E72930BE9700CA9F8C /* MainViewRouter.swift */; };
		C64067EA2930BEA900CA9F8C /* MainViewController_Arch.swift in Sources */ = {isa = PBXBuildFile; fileRef = C64067E92930BEA900CA9F8C /* MainViewController_Arch.swift */; };
		C64067EC2930BEB600CA9F8C /* MainViewModel_Arch.swift in Sources */ = {isa = PBXBuildFile; fileRef = C64067EB2930BEB600CA9F8C /* MainViewModel_Arch.swift */; };
		C64067EF29348A8600CA9F8C /* PinLayout in Frameworks */ = {isa = PBXBuildFile; productRef = C64067EE29348A8600CA9F8C /* PinLayout */; };
		C6884E78292E37D000626270 /* Architectures.swift in Sources */ = {isa = PBXBuildFile; fileRef = C6884E77292E37D000626270 /* Architectures.swift */; };
		C6884E7A292E383600626270 /* ViewType.swift in Sources */ = {isa = PBXBuildFile; fileRef = C6884E79292E383600626270 /* ViewType.swift */; };
		C6884E7C292E385000626270 /* ScreenBuilder.swift in Sources */ = {isa = PBXBuildFile; fileRef = C6884E7B292E385000626270 /* ScreenBuilder.swift */; };
		C6884E7E292E386900626270 /* ViewModelType.swift in Sources */ = {isa = PBXBuildFile; fileRef = C6884E7D292E386900626270 /* ViewModelType.swift */; };
		C6884E80292E388700626270 /* RouterType.swift in Sources */ = {isa = PBXBuildFile; fileRef = C6884E7F292E388700626270 /* RouterType.swift */; };
		C6884E83292E38BC00626270 /* EmptyRouter.swift in Sources */ = {isa = PBXBuildFile; fileRef = C6884E82292E38BC00626270 /* EmptyRouter.swift */; };
		C6884E86292E470200626270 /* CurrencyListScreenBuilder.swift in Sources */ = {isa = PBXBuildFile; fileRef = C6884E85292E470200626270 /* CurrencyListScreenBuilder.swift */; };
		C6884E89292E69D400626270 /* RxCocoa in Frameworks */ = {isa = PBXBuildFile; productRef = C6884E88292E69D400626270 /* RxCocoa */; };
		C6884E8B292E69D400626270 /* RxSwift in Frameworks */ = {isa = PBXBuildFile; productRef = C6884E8A292E69D400626270 /* RxSwift */; };
		C6884E8D292E69FE00626270 /* CurrencyViewController.swift in Sources */ = {isa = PBXBuildFile; fileRef = C6884E8C292E69FE00626270 /* CurrencyViewController.swift */; };
		C6884E8F292E6A3400626270 /* CurrencyViewModel.swift in Sources */ = {isa = PBXBuildFile; fileRef = C6884E8E292E6A3400626270 /* CurrencyViewModel.swift */; };
		C6884E95292F779F00626270 /* CurrencyRouter.swift in Sources */ = {isa = PBXBuildFile; fileRef = C6884E94292F779F00626270 /* CurrencyRouter.swift */; };
/* End PBXBuildFile section */

/* Begin PBXFileReference section */
		B6A0E7902912CDA500D487B3 /* ConstraintBuilder.swift */ = {isa = PBXFileReference; lastKnownFileType = sourcecode.swift; path = ConstraintBuilder.swift; sourceTree = "<group>"; };
		B6A0E7932912D27F00D487B3 /* Layout.swift */ = {isa = PBXFileReference; lastKnownFileType = sourcecode.swift; path = Layout.swift; sourceTree = "<group>"; };
		B6A0E7952912D3D500D487B3 /* NSLayoutConstraint.swift */ = {isa = PBXFileReference; lastKnownFileType = sourcecode.swift; path = NSLayoutConstraint.swift; sourceTree = "<group>"; };
		B6F67B28290C1A0300CB8263 /* Converter.app */ = {isa = PBXFileReference; explicitFileType = wrapper.application; includeInIndex = 0; path = Converter.app; sourceTree = BUILT_PRODUCTS_DIR; };
		B6F67B2B290C1A0300CB8263 /* AppDelegate.swift */ = {isa = PBXFileReference; lastKnownFileType = sourcecode.swift; path = AppDelegate.swift; sourceTree = "<group>"; };
		B6F67B2F290C1A0300CB8263 /* ViewController.swift */ = {isa = PBXFileReference; lastKnownFileType = sourcecode.swift; path = ViewController.swift; sourceTree = "<group>"; };
		B6F67B34290C1A0600CB8263 /* Assets.xcassets */ = {isa = PBXFileReference; lastKnownFileType = folder.assetcatalog; path = Assets.xcassets; sourceTree = "<group>"; };
		B6F67B37290C1A0600CB8263 /* Base */ = {isa = PBXFileReference; lastKnownFileType = file.storyboard; name = Base; path = Base.lproj/LaunchScreen.storyboard; sourceTree = "<group>"; };
		B6F67B39290C1A0600CB8263 /* Info.plist */ = {isa = PBXFileReference; lastKnownFileType = text.plist.xml; path = Info.plist; sourceTree = "<group>"; };
		B6F67B3F290C1BAF00CB8263 /* Configurable.swift */ = {isa = PBXFileReference; lastKnownFileType = sourcecode.swift; path = Configurable.swift; sourceTree = "<group>"; };
		B6F67B42290C1D4100CB8263 /* Coordinator.swift */ = {isa = PBXFileReference; lastKnownFileType = sourcecode.swift; path = Coordinator.swift; sourceTree = "<group>"; };
		B6F67B44290C246700CB8263 /* Coordinatable.swift */ = {isa = PBXFileReference; lastKnownFileType = sourcecode.swift; path = Coordinatable.swift; sourceTree = "<group>"; };
		B6F67B46290C248A00CB8263 /* Coordinated.swift */ = {isa = PBXFileReference; lastKnownFileType = sourcecode.swift; path = Coordinated.swift; sourceTree = "<group>"; };
		B6F67B48290C24B200CB8263 /* Route.swift */ = {isa = PBXFileReference; lastKnownFileType = sourcecode.swift; path = Route.swift; sourceTree = "<group>"; };
		B6F67B4B290C250200CB8263 /* View.swift */ = {isa = PBXFileReference; lastKnownFileType = sourcecode.swift; path = View.swift; sourceTree = "<group>"; };
		B6F67B4F290C25C600CB8263 /* ViewModel.swift */ = {isa = PBXFileReference; lastKnownFileType = sourcecode.swift; path = ViewModel.swift; sourceTree = "<group>"; };
		B6F67B57290C2AD000CB8263 /* ModuleFactory.swift */ = {isa = PBXFileReference; lastKnownFileType = sourcecode.swift; path = ModuleFactory.swift; sourceTree = "<group>"; };
		B6F67B59290C2AFD00CB8263 /* MainViewAssembly.swift */ = {isa = PBXFileReference; lastKnownFileType = sourcecode.swift; path = MainViewAssembly.swift; sourceTree = "<group>"; };
		B6F67B5C290C2E6C00CB8263 /* Module.swift */ = {isa = PBXFileReference; lastKnownFileType = sourcecode.swift; path = Module.swift; sourceTree = "<group>"; };
		B6F67B5E290C2E8800CB8263 /* Presentable.swift */ = {isa = PBXFileReference; lastKnownFileType = sourcecode.swift; path = Presentable.swift; sourceTree = "<group>"; };
		B6F67B60290C491000CB8263 /* UIComponentFactory.swift */ = {isa = PBXFileReference; lastKnownFileType = sourcecode.swift; path = UIComponentFactory.swift; sourceTree = "<group>"; };
		B6F67B63290C4C9300CB8263 /* UIColor.swift */ = {isa = PBXFileReference; lastKnownFileType = sourcecode.swift; path = UIColor.swift; sourceTree = "<group>"; };
		B6F67B65290C54C900CB8263 /* String.swift */ = {isa = PBXFileReference; lastKnownFileType = sourcecode.swift; path = String.swift; sourceTree = "<group>"; };
		B6F67B67290C54E300CB8263 /* CGFloat.swift */ = {isa = PBXFileReference; lastKnownFileType = sourcecode.swift; path = CGFloat.swift; sourceTree = "<group>"; };
		B6F67B6C290C5BDC00CB8263 /* Color.swift */ = {isa = PBXFileReference; lastKnownFileType = sourcecode.swift; path = Color.swift; sourceTree = "<group>"; };
		B6F67B6E290C5C3700CB8263 /* TextField.swift */ = {isa = PBXFileReference; lastKnownFileType = sourcecode.swift; path = TextField.swift; sourceTree = "<group>"; };
		B6F67B70290C5C5700CB8263 /* Button.swift */ = {isa = PBXFileReference; lastKnownFileType = sourcecode.swift; path = Button.swift; sourceTree = "<group>"; };
		B6F67B72290C5C9B00CB8263 /* UIView.swift */ = {isa = PBXFileReference; lastKnownFileType = sourcecode.swift; path = UIView.swift; sourceTree = "<group>"; };
		B6F67B74290C5D1A00CB8263 /* CircleLabel.swift */ = {isa = PBXFileReference; lastKnownFileType = sourcecode.swift; path = CircleLabel.swift; sourceTree = "<group>"; };
		B6F67B76290C6D6700CB8263 /* MainViewTextField.swift */ = {isa = PBXFileReference; lastKnownFileType = sourcecode.swift; path = MainViewTextField.swift; sourceTree = "<group>"; };
		B6F67B7F290C710F00CB8263 /* CurrencyListAssembly.swift */ = {isa = PBXFileReference; lastKnownFileType = sourcecode.swift; path = CurrencyListAssembly.swift; sourceTree = "<group>"; };
		B6F67B84290D868A00CB8263 /* Currency.swift */ = {isa = PBXFileReference; lastKnownFileType = sourcecode.swift; path = Currency.swift; sourceTree = "<group>"; };
		B6F67B88290D87E300CB8263 /* NetworkService.swift */ = {isa = PBXFileReference; lastKnownFileType = sourcecode.swift; path = NetworkService.swift; sourceTree = "<group>"; };
		B6F67B8A290E7FC800CB8263 /* Symbol.swift */ = {isa = PBXFileReference; lastKnownFileType = sourcecode.swift; path = Symbol.swift; sourceTree = "<group>"; };
		B6F67B8E290E96A600CB8263 /* DataManager.swift */ = {isa = PBXFileReference; lastKnownFileType = sourcecode.swift; path = DataManager.swift; sourceTree = "<group>"; };
		B6F67B90290EB63D00CB8263 /* ActivityViewController.swift */ = {isa = PBXFileReference; lastKnownFileType = sourcecode.swift; path = ActivityViewController.swift; sourceTree = "<group>"; };
		B6F67B92290EBE0E00CB8263 /* ViewControllers.swift */ = {isa = PBXFileReference; lastKnownFileType = sourcecode.swift; path = ViewControllers.swift; sourceTree = "<group>"; };
		B6F67B94290EC83D00CB8263 /* SceneDelegate.swift */ = {isa = PBXFileReference; lastKnownFileType = sourcecode.swift; path = SceneDelegate.swift; sourceTree = "<group>"; };
		B6F67B96290ECD2600CB8263 /* Double.swift */ = {isa = PBXFileReference; lastKnownFileType = sourcecode.swift; path = Double.swift; sourceTree = "<group>"; };
		B6F67B98290ECE8600CB8263 /* Convert.swift */ = {isa = PBXFileReference; lastKnownFileType = sourcecode.swift; path = Convert.swift; sourceTree = "<group>"; };
		B6F67B9B290ECEB600CB8263 /* Link.swift */ = {isa = PBXFileReference; lastKnownFileType = sourcecode.swift; path = Link.swift; sourceTree = "<group>"; };
		B6F67B9D290ECEC900CB8263 /* HTTPHeaders.swift */ = {isa = PBXFileReference; lastKnownFileType = sourcecode.swift; path = HTTPHeaders.swift; sourceTree = "<group>"; };
		B6F67B9F290ECEE600CB8263 /* Error.swift */ = {isa = PBXFileReference; lastKnownFileType = sourcecode.swift; path = Error.swift; sourceTree = "<group>"; };
		B6F67BA1290ECF0400CB8263 /* Security.swift */ = {isa = PBXFileReference; lastKnownFileType = sourcecode.swift; path = Security.swift; sourceTree = "<group>"; };
		B6F67BA3290ECF9400CB8263 /* CurrencyButton.swift */ = {isa = PBXFileReference; lastKnownFileType = sourcecode.swift; path = CurrencyButton.swift; sourceTree = "<group>"; };
		B6F67BA7290ED73000CB8263 /* Locator.swift */ = {isa = PBXFileReference; lastKnownFileType = sourcecode.swift; path = Locator.swift; sourceTree = "<group>"; };
		B6F67BAA290EDD7000CB8263 /* Print.swift */ = {isa = PBXFileReference; lastKnownFileType = sourcecode.swift; path = Print.swift; sourceTree = "<group>"; };
		B6F67BAD290EE46D00CB8263 /* CacheService.swift */ = {isa = PBXFileReference; lastKnownFileType = sourcecode.swift; path = CacheService.swift; sourceTree = "<group>"; };
		C64067E52930BE8D00CA9F8C /* MainViewScreenBuilder.swift */ = {isa = PBXFileReference; lastKnownFileType = sourcecode.swift; path = MainViewScreenBuilder.swift; sourceTree = "<group>"; };
		C64067E72930BE9700CA9F8C /* MainViewRouter.swift */ = {isa = PBXFileReference; lastKnownFileType = sourcecode.swift; path = MainViewRouter.swift; sourceTree = "<group>"; };
		C64067E92930BEA900CA9F8C /* MainViewController_Arch.swift */ = {isa = PBXFileReference; lastKnownFileType = sourcecode.swift; path = MainViewController_Arch.swift; sourceTree = "<group>"; };
		C64067EB2930BEB600CA9F8C /* MainViewModel_Arch.swift */ = {isa = PBXFileReference; lastKnownFileType = sourcecode.swift; path = MainViewModel_Arch.swift; sourceTree = "<group>"; };
		C6884E77292E37D000626270 /* Architectures.swift */ = {isa = PBXFileReference; lastKnownFileType = sourcecode.swift; path = Architectures.swift; sourceTree = "<group>"; };
		C6884E79292E383600626270 /* ViewType.swift */ = {isa = PBXFileReference; lastKnownFileType = sourcecode.swift; path = ViewType.swift; sourceTree = "<group>"; };
		C6884E7B292E385000626270 /* ScreenBuilder.swift */ = {isa = PBXFileReference; lastKnownFileType = sourcecode.swift; path = ScreenBuilder.swift; sourceTree = "<group>"; };
		C6884E7D292E386900626270 /* ViewModelType.swift */ = {isa = PBXFileReference; lastKnownFileType = sourcecode.swift; path = ViewModelType.swift; sourceTree = "<group>"; };
		C6884E7F292E388700626270 /* RouterType.swift */ = {isa = PBXFileReference; lastKnownFileType = sourcecode.swift; path = RouterType.swift; sourceTree = "<group>"; };
		C6884E82292E38BC00626270 /* EmptyRouter.swift */ = {isa = PBXFileReference; lastKnownFileType = sourcecode.swift; path = EmptyRouter.swift; sourceTree = "<group>"; };
		C6884E85292E470200626270 /* CurrencyListScreenBuilder.swift */ = {isa = PBXFileReference; lastKnownFileType = sourcecode.swift; path = CurrencyListScreenBuilder.swift; sourceTree = "<group>"; };
		C6884E8C292E69FE00626270 /* CurrencyViewController.swift */ = {isa = PBXFileReference; lastKnownFileType = sourcecode.swift; path = CurrencyViewController.swift; sourceTree = "<group>"; };
		C6884E8E292E6A3400626270 /* CurrencyViewModel.swift */ = {isa = PBXFileReference; lastKnownFileType = sourcecode.swift; path = CurrencyViewModel.swift; sourceTree = "<group>"; };
		C6884E94292F779F00626270 /* CurrencyRouter.swift */ = {isa = PBXFileReference; lastKnownFileType = sourcecode.swift; path = CurrencyRouter.swift; sourceTree = "<group>"; };
/* End PBXFileReference section */

/* Begin PBXFrameworksBuildPhase section */
		B6F67B25290C1A0300CB8263 /* Frameworks */ = {
			isa = PBXFrameworksBuildPhase;
			buildActionMask = 2147483647;
			files = (
				C64067EF29348A8600CA9F8C /* PinLayout in Frameworks */,
				C6884E8B292E69D400626270 /* RxSwift in Frameworks */,
				C6884E89292E69D400626270 /* RxCocoa in Frameworks */,
			);
			runOnlyForDeploymentPostprocessing = 0;
		};
/* End PBXFrameworksBuildPhase section */

/* Begin PBXGroup section */
		B6A0E7922912D26300D487B3 /* ConstraintBuilder */ = {
			isa = PBXGroup;
			children = (
				B6A0E7902912CDA500D487B3 /* ConstraintBuilder.swift */,
				B6A0E7932912D27F00D487B3 /* Layout.swift */,
			);
			path = ConstraintBuilder;
			sourceTree = "<group>";
		};
		B6F67B1F290C1A0200CB8263 = {
			isa = PBXGroup;
			children = (
				B6F67B2A290C1A0300CB8263 /* Converter */,
				B6F67B29290C1A0300CB8263 /* Products */,
			);
			sourceTree = "<group>";
		};
		B6F67B29290C1A0300CB8263 /* Products */ = {
			isa = PBXGroup;
			children = (
				B6F67B28290C1A0300CB8263 /* Converter.app */,
			);
			name = Products;
			sourceTree = "<group>";
		};
		B6F67B2A290C1A0300CB8263 /* Converter */ = {
			isa = PBXGroup;
			children = (
				B6F67B39290C1A0600CB8263 /* Info.plist */,
				B6A0E7922912D26300D487B3 /* ConstraintBuilder */,
				B6F67BAF290EE76100CB8263 /* Ancillaries */,
				B6F67BA9290EDC2F00CB8263 /* Entities */,
				B6F67B83290D866700CB8263 /* DataModels */,
				B6F67B81290D864A00CB8263 /* Services */,
				B6F67B62290C4C7B00CB8263 /* Extensions */,
				B6F67B5B290C2E5900CB8263 /* ModuleFactory */,
				B6F67B4D290C256B00CB8263 /* Controllers */,
				B6F67B4A290C24E200CB8263 /* Components */,
				B6F67B41290C1D2B00CB8263 /* Coordinator */,
			);
			path = Converter;
			sourceTree = "<group>";
		};
		B6F67B41290C1D2B00CB8263 /* Coordinator */ = {
			isa = PBXGroup;
			children = (
				B6F67B42290C1D4100CB8263 /* Coordinator.swift */,
				B6F67B57290C2AD000CB8263 /* ModuleFactory.swift */,
				B6F67B48290C24B200CB8263 /* Route.swift */,
				B6F67B46290C248A00CB8263 /* Coordinated.swift */,
				B6F67B44290C246700CB8263 /* Coordinatable.swift */,
			);
			path = Coordinator;
			sourceTree = "<group>";
		};
		B6F67B4A290C24E200CB8263 /* Components */ = {
			isa = PBXGroup;
			children = (
				B6F67B2F290C1A0300CB8263 /* ViewController.swift */,
				B6F67B4F290C25C600CB8263 /* ViewModel.swift */,
				B6F67B4B290C250200CB8263 /* View.swift */,
				B6F67B6E290C5C3700CB8263 /* TextField.swift */,
				B6F67B70290C5C5700CB8263 /* Button.swift */,
				B6F67B74290C5D1A00CB8263 /* CircleLabel.swift */,
				B6F67B60290C491000CB8263 /* UIComponentFactory.swift */,
				B6F67B6C290C5BDC00CB8263 /* Color.swift */,
			);
			path = Components;
			sourceTree = "<group>";
		};
		B6F67B4D290C256B00CB8263 /* Controllers */ = {
			isa = PBXGroup;
			children = (
				B6F67BA5290ED6D400CB8263 /* ActivityViewController */,
				C64067E42930BE7300CA9F8C /* MainView_Arch */,
				C6884E84292E46D200626270 /* CurrencyList_Arch */,
				C6884E81292E38A100626270 /* Types */,
				C6884E77292E37D000626270 /* Architectures.swift */,
				C6884E82292E38BC00626270 /* EmptyRouter.swift */,
			);
			path = Controllers;
			sourceTree = "<group>";
		};
		B6F67B5B290C2E5900CB8263 /* ModuleFactory */ = {
			isa = PBXGroup;
			children = (
				B6F67B5C290C2E6C00CB8263 /* Module.swift */,
				B6F67B5E290C2E8800CB8263 /* Presentable.swift */,
			);
			path = ModuleFactory;
			sourceTree = "<group>";
		};
		B6F67B62290C4C7B00CB8263 /* Extensions */ = {
			isa = PBXGroup;
			children = (
				B6F67B3F290C1BAF00CB8263 /* Configurable.swift */,
				B6F67B63290C4C9300CB8263 /* UIColor.swift */,
				B6F67B65290C54C900CB8263 /* String.swift */,
				B6F67B67290C54E300CB8263 /* CGFloat.swift */,
				B6F67B96290ECD2600CB8263 /* Double.swift */,
				B6F67B72290C5C9B00CB8263 /* UIView.swift */,
				B6F67B92290EBE0E00CB8263 /* ViewControllers.swift */,
				B6A0E7952912D3D500D487B3 /* NSLayoutConstraint.swift */,
			);
			path = Extensions;
			sourceTree = "<group>";
		};
		B6F67B69290C553300CB8263 /* Subview */ = {
			isa = PBXGroup;
			children = (
				B6F67B76290C6D6700CB8263 /* MainViewTextField.swift */,
			);
			path = Subview;
			sourceTree = "<group>";
		};
		B6F67B81290D864A00CB8263 /* Services */ = {
			isa = PBXGroup;
			children = (
				B6F67BA6290ED72100CB8263 /* Locator */,
				B6F67BAC290EE45D00CB8263 /* CacheService */,
				B6F67B9A290ECE9D00CB8263 /* DataManager */,
				B6F67B82290D865700CB8263 /* NetworkService */,
			);
			path = Services;
			sourceTree = "<group>";
		};
		B6F67B82290D865700CB8263 /* NetworkService */ = {
			isa = PBXGroup;
			children = (
				B6F67B88290D87E300CB8263 /* NetworkService.swift */,
				B6F67B9D290ECEC900CB8263 /* HTTPHeaders.swift */,
				B6F67B9B290ECEB600CB8263 /* Link.swift */,
			);
			path = NetworkService;
			sourceTree = "<group>";
		};
		B6F67B83290D866700CB8263 /* DataModels */ = {
			isa = PBXGroup;
			children = (
				B6F67B84290D868A00CB8263 /* Currency.swift */,
				B6F67B98290ECE8600CB8263 /* Convert.swift */,
				B6F67B8A290E7FC800CB8263 /* Symbol.swift */,
			);
			path = DataModels;
			sourceTree = "<group>";
		};
		B6F67B9A290ECE9D00CB8263 /* DataManager */ = {
			isa = PBXGroup;
			children = (
				B6F67B8E290E96A600CB8263 /* DataManager.swift */,
			);
			path = DataManager;
			sourceTree = "<group>";
		};
		B6F67BA5290ED6D400CB8263 /* ActivityViewController */ = {
			isa = PBXGroup;
			children = (
				B6F67B90290EB63D00CB8263 /* ActivityViewController.swift */,
			);
			path = ActivityViewController;
			sourceTree = "<group>";
		};
		B6F67BA6290ED72100CB8263 /* Locator */ = {
			isa = PBXGroup;
			children = (
				B6F67BA7290ED73000CB8263 /* Locator.swift */,
			);
			path = Locator;
			sourceTree = "<group>";
		};
		B6F67BA9290EDC2F00CB8263 /* Entities */ = {
			isa = PBXGroup;
			children = (
				B6F67BA1290ECF0400CB8263 /* Security.swift */,
				B6F67BA3290ECF9400CB8263 /* CurrencyButton.swift */,
				B6F67B9F290ECEE600CB8263 /* Error.swift */,
				B6F67BAA290EDD7000CB8263 /* Print.swift */,
			);
			path = Entities;
			sourceTree = "<group>";
		};
		B6F67BAC290EE45D00CB8263 /* CacheService */ = {
			isa = PBXGroup;
			children = (
				B6F67BAD290EE46D00CB8263 /* CacheService.swift */,
			);
			path = CacheService;
			sourceTree = "<group>";
		};
		B6F67BAF290EE76100CB8263 /* Ancillaries */ = {
			isa = PBXGroup;
			children = (
				B6F67B34290C1A0600CB8263 /* Assets.xcassets */,
				B6F67B36290C1A0600CB8263 /* LaunchScreen.storyboard */,
				B6F67B2B290C1A0300CB8263 /* AppDelegate.swift */,
				B6F67B94290EC83D00CB8263 /* SceneDelegate.swift */,
			);
			path = Ancillaries;
			sourceTree = "<group>";
		};
		C64067E42930BE7300CA9F8C /* MainView_Arch */ = {
			isa = PBXGroup;
			children = (
				B6F67B69290C553300CB8263 /* Subview */,
				C64067E52930BE8D00CA9F8C /* MainViewScreenBuilder.swift */,
				B6F67B59290C2AFD00CB8263 /* MainViewAssembly.swift */,
				C64067E72930BE9700CA9F8C /* MainViewRouter.swift */,
				C64067E92930BEA900CA9F8C /* MainViewController_Arch.swift */,
				C64067EB2930BEB600CA9F8C /* MainViewModel_Arch.swift */,
			);
			path = MainView_Arch;
			sourceTree = "<group>";
		};
		C6884E81292E38A100626270 /* Types */ = {
			isa = PBXGroup;
			children = (
				C6884E7F292E388700626270 /* RouterType.swift */,
				C6884E7D292E386900626270 /* ViewModelType.swift */,
				C6884E7B292E385000626270 /* ScreenBuilder.swift */,
				C6884E79292E383600626270 /* ViewType.swift */,
			);
			path = Types;
			sourceTree = "<group>";
		};
		C6884E84292E46D200626270 /* CurrencyList_Arch */ = {
			isa = PBXGroup;
			children = (
				C6884E85292E470200626270 /* CurrencyListScreenBuilder.swift */,
				C6884E94292F779F00626270 /* CurrencyRouter.swift */,
				C6884E8C292E69FE00626270 /* CurrencyViewController.swift */,
				C6884E8E292E6A3400626270 /* CurrencyViewModel.swift */,
				B6F67B7F290C710F00CB8263 /* CurrencyListAssembly.swift */,
			);
			path = CurrencyList_Arch;
			sourceTree = "<group>";
		};
/* End PBXGroup section */

/* Begin PBXNativeTarget section */
		B6F67B27290C1A0300CB8263 /* Converter */ = {
			isa = PBXNativeTarget;
			buildConfigurationList = B6F67B3C290C1A0600CB8263 /* Build configuration list for PBXNativeTarget "Converter" */;
			buildPhases = (
				B6F67B24290C1A0300CB8263 /* Sources */,
				B6F67B25290C1A0300CB8263 /* Frameworks */,
				B6F67B26290C1A0300CB8263 /* Resources */,
			);
			buildRules = (
			);
			dependencies = (
			);
			name = Converter;
			packageProductDependencies = (
				C6884E88292E69D400626270 /* RxCocoa */,
				C6884E8A292E69D400626270 /* RxSwift */,
				C64067EE29348A8600CA9F8C /* PinLayout */,
			);
			productName = Converter;
			productReference = B6F67B28290C1A0300CB8263 /* Converter.app */;
			productType = "com.apple.product-type.application";
		};
/* End PBXNativeTarget section */

/* Begin PBXProject section */
		B6F67B20290C1A0200CB8263 /* Project object */ = {
			isa = PBXProject;
			attributes = {
				BuildIndependentTargetsInParallel = 1;
				LastSwiftUpdateCheck = 1330;
				LastUpgradeCheck = 1330;
				TargetAttributes = {
					B6F67B27290C1A0300CB8263 = {
						CreatedOnToolsVersion = 13.3.1;
					};
				};
			};
			buildConfigurationList = B6F67B23290C1A0300CB8263 /* Build configuration list for PBXProject "Converter" */;
			compatibilityVersion = "Xcode 13.0";
			developmentRegion = en;
			hasScannedForEncodings = 0;
			knownRegions = (
				en,
				Base,
			);
			mainGroup = B6F67B1F290C1A0200CB8263;
			packageReferences = (
				C6884E87292E69D400626270 /* XCRemoteSwiftPackageReference "RxSwift" */,
				C64067ED29348A8600CA9F8C /* XCRemoteSwiftPackageReference "PinLayout" */,
			);
			productRefGroup = B6F67B29290C1A0300CB8263 /* Products */;
			projectDirPath = "";
			projectRoot = "";
			targets = (
				B6F67B27290C1A0300CB8263 /* Converter */,
			);
		};
/* End PBXProject section */

/* Begin PBXResourcesBuildPhase section */
		B6F67B26290C1A0300CB8263 /* Resources */ = {
			isa = PBXResourcesBuildPhase;
			buildActionMask = 2147483647;
			files = (
				B6F67B38290C1A0600CB8263 /* LaunchScreen.storyboard in Resources */,
				B6F67B35290C1A0600CB8263 /* Assets.xcassets in Resources */,
			);
			runOnlyForDeploymentPostprocessing = 0;
		};
/* End PBXResourcesBuildPhase section */

/* Begin PBXSourcesBuildPhase section */
		B6F67B24290C1A0300CB8263 /* Sources */ = {
			isa = PBXSourcesBuildPhase;
			buildActionMask = 2147483647;
			files = (
				B6F67B73290C5C9B00CB8263 /* UIView.swift in Sources */,
				B6F67B50290C25C600CB8263 /* ViewModel.swift in Sources */,
				C6884E7C292E385000626270 /* ScreenBuilder.swift in Sources */,
				B6F67B5A290C2AFD00CB8263 /* MainViewAssembly.swift in Sources */,
				B6F67BA4290ECF9400CB8263 /* CurrencyButton.swift in Sources */,
				B6F67B77290C6D6700CB8263 /* MainViewTextField.swift in Sources */,
				C6884E83292E38BC00626270 /* EmptyRouter.swift in Sources */,
				B6F67B8B290E7FC800CB8263 /* Symbol.swift in Sources */,
				B6F67B6D290C5BDC00CB8263 /* Color.swift in Sources */,
				C6884E78292E37D000626270 /* Architectures.swift in Sources */,
				B6F67B85290D868A00CB8263 /* Currency.swift in Sources */,
				C6884E8D292E69FE00626270 /* CurrencyViewController.swift in Sources */,
				B6F67B95290EC83D00CB8263 /* SceneDelegate.swift in Sources */,
				B6F67B6F290C5C3700CB8263 /* TextField.swift in Sources */,
				C64067EC2930BEB600CA9F8C /* MainViewModel_Arch.swift in Sources */,
				B6F67BA8290ED73000CB8263 /* Locator.swift in Sources */,
				B6F67B66290C54C900CB8263 /* String.swift in Sources */,
				B6F67B47290C248A00CB8263 /* Coordinated.swift in Sources */,
				B6F67B9C290ECEB600CB8263 /* Link.swift in Sources */,
				B6F67B30290C1A0300CB8263 /* ViewController.swift in Sources */,
				B6F67B58290C2AD000CB8263 /* ModuleFactory.swift in Sources */,
				C64067EA2930BEA900CA9F8C /* MainViewController_Arch.swift in Sources */,
				B6F67B97290ECD2600CB8263 /* Double.swift in Sources */,
				B6F67B93290EBE0E00CB8263 /* ViewControllers.swift in Sources */,
				B6F67B68290C54E300CB8263 /* CGFloat.swift in Sources */,
				B6F67B64290C4C9300CB8263 /* UIColor.swift in Sources */,
				B6F67BA2290ECF0400CB8263 /* Security.swift in Sources */,
				B6F67B2C290C1A0300CB8263 /* AppDelegate.swift in Sources */,
				B6A0E7942912D27F00D487B3 /* Layout.swift in Sources */,
				B6F67B43290C1D4100CB8263 /* Coordinator.swift in Sources */,
				B6F67B89290D87E300CB8263 /* NetworkService.swift in Sources */,
				B6F67B71290C5C5700CB8263 /* Button.swift in Sources */,
				C6884E86292E470200626270 /* CurrencyListScreenBuilder.swift in Sources */,
				C6884E7E292E386900626270 /* ViewModelType.swift in Sources */,
				B6F67B40290C1BAF00CB8263 /* Configurable.swift in Sources */,
				B6F67B99290ECE8600CB8263 /* Convert.swift in Sources */,
				C64067E82930BE9700CA9F8C /* MainViewRouter.swift in Sources */,
				B6F67B8F290E96A600CB8263 /* DataManager.swift in Sources */,
				C64067E62930BE8D00CA9F8C /* MainViewScreenBuilder.swift in Sources */,
				B6F67BAE290EE46D00CB8263 /* CacheService.swift in Sources */,
				B6F67B4C290C250200CB8263 /* View.swift in Sources */,
				B6F67B5F290C2E8800CB8263 /* Presentable.swift in Sources */,
				C6884E7A292E383600626270 /* ViewType.swift in Sources */,
				B6F67B49290C24B200CB8263 /* Route.swift in Sources */,
				B6F67B9E290ECEC900CB8263 /* HTTPHeaders.swift in Sources */,
				B6F67B5D290C2E6C00CB8263 /* Module.swift in Sources */,
				B6F67BA0290ECEE600CB8263 /* Error.swift in Sources */,
				C6884E80292E388700626270 /* RouterType.swift in Sources */,
				B6F67BAB290EDD7000CB8263 /* Print.swift in Sources */,
				C6884E95292F779F00626270 /* CurrencyRouter.swift in Sources */,
				B6A0E7962912D3D500D487B3 /* NSLayoutConstraint.swift in Sources */,
				B6F67B61290C491000CB8263 /* UIComponentFactory.swift in Sources */,
				B6F67B80290C710F00CB8263 /* CurrencyListAssembly.swift in Sources */,
				B6F67B75290C5D1A00CB8263 /* CircleLabel.swift in Sources */,
				C6884E8F292E6A3400626270 /* CurrencyViewModel.swift in Sources */,
				B6F67B91290EB63D00CB8263 /* ActivityViewController.swift in Sources */,
				B6F67B45290C246800CB8263 /* Coordinatable.swift in Sources */,
				B6A0E7912912CDA500D487B3 /* ConstraintBuilder.swift in Sources */,
			);
			runOnlyForDeploymentPostprocessing = 0;
		};
/* End PBXSourcesBuildPhase section */

/* Begin PBXVariantGroup section */
		B6F67B36290C1A0600CB8263 /* LaunchScreen.storyboard */ = {
			isa = PBXVariantGroup;
			children = (
				B6F67B37290C1A0600CB8263 /* Base */,
			);
			name = LaunchScreen.storyboard;
			sourceTree = "<group>";
		};
/* End PBXVariantGroup section */

/* Begin XCBuildConfiguration section */
		B6F67B3A290C1A0600CB8263 /* Debug */ = {
			isa = XCBuildConfiguration;
			buildSettings = {
				ALWAYS_SEARCH_USER_PATHS = NO;
				CLANG_ANALYZER_NONNULL = YES;
				CLANG_ANALYZER_NUMBER_OBJECT_CONVERSION = YES_AGGRESSIVE;
				CLANG_CXX_LANGUAGE_STANDARD = "gnu++17";
				CLANG_ENABLE_MODULES = YES;
				CLANG_ENABLE_OBJC_ARC = YES;
				CLANG_ENABLE_OBJC_WEAK = YES;
				CLANG_WARN_BLOCK_CAPTURE_AUTORELEASING = YES;
				CLANG_WARN_BOOL_CONVERSION = YES;
				CLANG_WARN_COMMA = YES;
				CLANG_WARN_CONSTANT_CONVERSION = YES;
				CLANG_WARN_DEPRECATED_OBJC_IMPLEMENTATIONS = YES;
				CLANG_WARN_DIRECT_OBJC_ISA_USAGE = YES_ERROR;
				CLANG_WARN_DOCUMENTATION_COMMENTS = YES;
				CLANG_WARN_EMPTY_BODY = YES;
				CLANG_WARN_ENUM_CONVERSION = YES;
				CLANG_WARN_INFINITE_RECURSION = YES;
				CLANG_WARN_INT_CONVERSION = YES;
				CLANG_WARN_NON_LITERAL_NULL_CONVERSION = YES;
				CLANG_WARN_OBJC_IMPLICIT_RETAIN_SELF = YES;
				CLANG_WARN_OBJC_LITERAL_CONVERSION = YES;
				CLANG_WARN_OBJC_ROOT_CLASS = YES_ERROR;
				CLANG_WARN_QUOTED_INCLUDE_IN_FRAMEWORK_HEADER = YES;
				CLANG_WARN_RANGE_LOOP_ANALYSIS = YES;
				CLANG_WARN_STRICT_PROTOTYPES = YES;
				CLANG_WARN_SUSPICIOUS_MOVE = YES;
				CLANG_WARN_UNGUARDED_AVAILABILITY = YES_AGGRESSIVE;
				CLANG_WARN_UNREACHABLE_CODE = YES;
				CLANG_WARN__DUPLICATE_METHOD_MATCH = YES;
				COPY_PHASE_STRIP = NO;
				DEBUG_INFORMATION_FORMAT = dwarf;
				ENABLE_STRICT_OBJC_MSGSEND = YES;
				ENABLE_TESTABILITY = YES;
				GCC_C_LANGUAGE_STANDARD = gnu11;
				GCC_DYNAMIC_NO_PIC = NO;
				GCC_NO_COMMON_BLOCKS = YES;
				GCC_OPTIMIZATION_LEVEL = 0;
				GCC_PREPROCESSOR_DEFINITIONS = (
					"DEBUG=1",
					"$(inherited)",
				);
				GCC_WARN_64_TO_32_BIT_CONVERSION = YES;
				GCC_WARN_ABOUT_RETURN_TYPE = YES_ERROR;
				GCC_WARN_UNDECLARED_SELECTOR = YES;
				GCC_WARN_UNINITIALIZED_AUTOS = YES_AGGRESSIVE;
				GCC_WARN_UNUSED_FUNCTION = YES;
				GCC_WARN_UNUSED_VARIABLE = YES;
				IPHONEOS_DEPLOYMENT_TARGET = 15.4;
				MTL_ENABLE_DEBUG_INFO = INCLUDE_SOURCE;
				MTL_FAST_MATH = YES;
				ONLY_ACTIVE_ARCH = YES;
				SDKROOT = iphoneos;
				SWIFT_ACTIVE_COMPILATION_CONDITIONS = DEBUG;
				SWIFT_OPTIMIZATION_LEVEL = "-Onone";
			};
			name = Debug;
		};
		B6F67B3B290C1A0600CB8263 /* Release */ = {
			isa = XCBuildConfiguration;
			buildSettings = {
				ALWAYS_SEARCH_USER_PATHS = NO;
				CLANG_ANALYZER_NONNULL = YES;
				CLANG_ANALYZER_NUMBER_OBJECT_CONVERSION = YES_AGGRESSIVE;
				CLANG_CXX_LANGUAGE_STANDARD = "gnu++17";
				CLANG_ENABLE_MODULES = YES;
				CLANG_ENABLE_OBJC_ARC = YES;
				CLANG_ENABLE_OBJC_WEAK = YES;
				CLANG_WARN_BLOCK_CAPTURE_AUTORELEASING = YES;
				CLANG_WARN_BOOL_CONVERSION = YES;
				CLANG_WARN_COMMA = YES;
				CLANG_WARN_CONSTANT_CONVERSION = YES;
				CLANG_WARN_DEPRECATED_OBJC_IMPLEMENTATIONS = YES;
				CLANG_WARN_DIRECT_OBJC_ISA_USAGE = YES_ERROR;
				CLANG_WARN_DOCUMENTATION_COMMENTS = YES;
				CLANG_WARN_EMPTY_BODY = YES;
				CLANG_WARN_ENUM_CONVERSION = YES;
				CLANG_WARN_INFINITE_RECURSION = YES;
				CLANG_WARN_INT_CONVERSION = YES;
				CLANG_WARN_NON_LITERAL_NULL_CONVERSION = YES;
				CLANG_WARN_OBJC_IMPLICIT_RETAIN_SELF = YES;
				CLANG_WARN_OBJC_LITERAL_CONVERSION = YES;
				CLANG_WARN_OBJC_ROOT_CLASS = YES_ERROR;
				CLANG_WARN_QUOTED_INCLUDE_IN_FRAMEWORK_HEADER = YES;
				CLANG_WARN_RANGE_LOOP_ANALYSIS = YES;
				CLANG_WARN_STRICT_PROTOTYPES = YES;
				CLANG_WARN_SUSPICIOUS_MOVE = YES;
				CLANG_WARN_UNGUARDED_AVAILABILITY = YES_AGGRESSIVE;
				CLANG_WARN_UNREACHABLE_CODE = YES;
				CLANG_WARN__DUPLICATE_METHOD_MATCH = YES;
				COPY_PHASE_STRIP = NO;
				DEBUG_INFORMATION_FORMAT = "dwarf-with-dsym";
				ENABLE_NS_ASSERTIONS = NO;
				ENABLE_STRICT_OBJC_MSGSEND = YES;
				GCC_C_LANGUAGE_STANDARD = gnu11;
				GCC_NO_COMMON_BLOCKS = YES;
				GCC_WARN_64_TO_32_BIT_CONVERSION = YES;
				GCC_WARN_ABOUT_RETURN_TYPE = YES_ERROR;
				GCC_WARN_UNDECLARED_SELECTOR = YES;
				GCC_WARN_UNINITIALIZED_AUTOS = YES_AGGRESSIVE;
				GCC_WARN_UNUSED_FUNCTION = YES;
				GCC_WARN_UNUSED_VARIABLE = YES;
				IPHONEOS_DEPLOYMENT_TARGET = 15.4;
				MTL_ENABLE_DEBUG_INFO = NO;
				MTL_FAST_MATH = YES;
				SDKROOT = iphoneos;
				SWIFT_COMPILATION_MODE = wholemodule;
				SWIFT_OPTIMIZATION_LEVEL = "-O";
				VALIDATE_PRODUCT = YES;
			};
			name = Release;
		};
		B6F67B3D290C1A0600CB8263 /* Debug */ = {
			isa = XCBuildConfiguration;
			buildSettings = {
				ASSETCATALOG_COMPILER_APPICON_NAME = AppIcon;
				ASSETCATALOG_COMPILER_GLOBAL_ACCENT_COLOR_NAME = AccentColor;
				CODE_SIGN_STYLE = Automatic;
				CURRENT_PROJECT_VERSION = 1;
				DEVELOPMENT_TEAM = JKYU7W8LBP;
				GENERATE_INFOPLIST_FILE = YES;
				INFOPLIST_FILE = Converter/Info.plist;
				INFOPLIST_KEY_UIApplicationSupportsIndirectInputEvents = YES;
				INFOPLIST_KEY_UILaunchStoryboardName = LaunchScreen;
				INFOPLIST_KEY_UISupportedInterfaceOrientations_iPad = "UIInterfaceOrientationPortrait UIInterfaceOrientationPortraitUpsideDown UIInterfaceOrientationLandscapeLeft UIInterfaceOrientationLandscapeRight";
				INFOPLIST_KEY_UISupportedInterfaceOrientations_iPhone = "UIInterfaceOrientationPortrait UIInterfaceOrientationLandscapeLeft UIInterfaceOrientationLandscapeRight";
				LD_RUNPATH_SEARCH_PATHS = (
					"$(inherited)",
					"@executable_path/Frameworks",
				);
				MARKETING_VERSION = 1.0;
				PRODUCT_BUNDLE_IDENTIFIER = mishacausur.Converter;
				PRODUCT_NAME = "$(TARGET_NAME)";
				SWIFT_EMIT_LOC_STRINGS = YES;
				SWIFT_VERSION = 5.0;
				TARGETED_DEVICE_FAMILY = "1,2";
			};
			name = Debug;
		};
		B6F67B3E290C1A0600CB8263 /* Release */ = {
			isa = XCBuildConfiguration;
			buildSettings = {
				ASSETCATALOG_COMPILER_APPICON_NAME = AppIcon;
				ASSETCATALOG_COMPILER_GLOBAL_ACCENT_COLOR_NAME = AccentColor;
				CODE_SIGN_STYLE = Automatic;
				CURRENT_PROJECT_VERSION = 1;
				DEVELOPMENT_TEAM = JKYU7W8LBP;
				GENERATE_INFOPLIST_FILE = YES;
				INFOPLIST_FILE = Converter/Info.plist;
				INFOPLIST_KEY_UIApplicationSupportsIndirectInputEvents = YES;
				INFOPLIST_KEY_UILaunchStoryboardName = LaunchScreen;
				INFOPLIST_KEY_UISupportedInterfaceOrientations_iPad = "UIInterfaceOrientationPortrait UIInterfaceOrientationPortraitUpsideDown UIInterfaceOrientationLandscapeLeft UIInterfaceOrientationLandscapeRight";
				INFOPLIST_KEY_UISupportedInterfaceOrientations_iPhone = "UIInterfaceOrientationPortrait UIInterfaceOrientationLandscapeLeft UIInterfaceOrientationLandscapeRight";
				LD_RUNPATH_SEARCH_PATHS = (
					"$(inherited)",
					"@executable_path/Frameworks",
				);
				MARKETING_VERSION = 1.0;
				PRODUCT_BUNDLE_IDENTIFIER = mishacausur.Converter;
				PRODUCT_NAME = "$(TARGET_NAME)";
				SWIFT_EMIT_LOC_STRINGS = YES;
				SWIFT_VERSION = 5.0;
				TARGETED_DEVICE_FAMILY = "1,2";
			};
			name = Release;
		};
/* End XCBuildConfiguration section */

/* Begin XCConfigurationList section */
		B6F67B23290C1A0300CB8263 /* Build configuration list for PBXProject "Converter" */ = {
			isa = XCConfigurationList;
			buildConfigurations = (
				B6F67B3A290C1A0600CB8263 /* Debug */,
				B6F67B3B290C1A0600CB8263 /* Release */,
			);
			defaultConfigurationIsVisible = 0;
			defaultConfigurationName = Release;
		};
		B6F67B3C290C1A0600CB8263 /* Build configuration list for PBXNativeTarget "Converter" */ = {
			isa = XCConfigurationList;
			buildConfigurations = (
				B6F67B3D290C1A0600CB8263 /* Debug */,
				B6F67B3E290C1A0600CB8263 /* Release */,
			);
			defaultConfigurationIsVisible = 0;
			defaultConfigurationName = Release;
		};
/* End XCConfigurationList section */

/* Begin XCRemoteSwiftPackageReference section */
		C64067ED29348A8600CA9F8C /* XCRemoteSwiftPackageReference "PinLayout" */ = {
			isa = XCRemoteSwiftPackageReference;
			repositoryURL = "https://github.com/layoutBox/PinLayout";
			requirement = {
				kind = upToNextMajorVersion;
				minimumVersion = 1.0.0;
			};
		};
		C6884E87292E69D400626270 /* XCRemoteSwiftPackageReference "RxSwift" */ = {
			isa = XCRemoteSwiftPackageReference;
			repositoryURL = "https://github.com/ReactiveX/RxSwift";
			requirement = {
				kind = upToNextMajorVersion;
				minimumVersion = 6.0.0;
			};
		};
/* End XCRemoteSwiftPackageReference section */

/* Begin XCSwiftPackageProductDependency section */
		C64067EE29348A8600CA9F8C /* PinLayout */ = {
			isa = XCSwiftPackageProductDependency;
			package = C64067ED29348A8600CA9F8C /* XCRemoteSwiftPackageReference "PinLayout" */;
			productName = PinLayout;
		};
		C6884E88292E69D400626270 /* RxCocoa */ = {
			isa = XCSwiftPackageProductDependency;
			package = C6884E87292E69D400626270 /* XCRemoteSwiftPackageReference "RxSwift" */;
			productName = RxCocoa;
		};
		C6884E8A292E69D400626270 /* RxSwift */ = {
			isa = XCSwiftPackageProductDependency;
			package = C6884E87292E69D400626270 /* XCRemoteSwiftPackageReference "RxSwift" */;
			productName = RxSwift;
		};
/* End XCSwiftPackageProductDependency section */
	};
	rootObject = B6F67B20290C1A0200CB8263 /* Project object */;
}
